
Microsoft Visual Studio Solution File, Format Version 12.00
# Visual Studio Version 16
VisualStudioVersion = 16.0.31112.23
MinimumVisualStudioVersion = 10.0.40219.1
Project("{FAE04EC0-301F-11D3-BF4B-00C04F79EFBC}") = "MyDictionary", "MyDictionary\MyDictionary.csproj", "{AE6A65B7-E0DA-4C25-B77E-1C3B77F79456}"
EndProject
Global
	GlobalSection(SolutionConfigurationPlatforms) = preSolution
		Debug|Any CPU = Debug|Any CPU
		Release|Any CPU = Release|Any CPU
	EndGlobalSection
	GlobalSection(ProjectConfigurationPlatforms) = postSolution
		{AE6A65B7-E0DA-4C25-B77E-1C3B77F79456}.Debug|Any CPU.ActiveCfg = Debug|Any CPU
		{AE6A65B7-E0DA-4C25-B77E-1C3B77F79456}.Debug|Any CPU.Build.0 = Debug|Any CPU
		{AE6A65B7-E0DA-4C25-B77E-1C3B77F79456}.Release|Any CPU.ActiveCfg = Release|Any CPU
		{AE6A65B7-E0DA-4C25-B77E-1C3B77F79456}.Release|Any CPU.Build.0 = Release|Any CPU
	EndGlobalSection
	GlobalSection(SolutionProperties) = preSolution
		HideSolutionNode = FALSE
	EndGlobalSection
	GlobalSection(ExtensibilityGlobals) = postSolution
		SolutionGuid = {2A27FA14-F7EB-4C90-B126-32AD94CD4548}
	EndGlobalSection
EndGlobal
